# This file is autogenerated, do not edit; changes may be undone by the next 'dep ensure'.


[[projects]]
  branch = "master"
  name = "github.com/GeertJohan/go.rice"
  packages = [
    ".",
    "embedded"
  ]
  revision = "c02ca9a983da5807ddf7d796784928f5be4afd09"

[[projects]]
  name = "github.com/Jeffail/gabs"
  packages = ["."]
  revision = "2a3aa15961d5fee6047b8151b67ac2f08ba2c48c"
  version = "1.0"

[[projects]]
  branch = "master"
  name = "github.com/daaku/go.zipexe"
  packages = ["."]
  revision = "a5fe2436ffcb3236e175e5149162b41cd28bd27d"

[[projects]]
  name = "github.com/inconshreveable/mousetrap"
  packages = ["."]
  revision = "76626ae9c91c4f2a10f34cad8ce83ea42c93bb75"
  version = "v1.0"

[[projects]]
  branch = "master"
  name = "github.com/jgillich/go-opencl"
  packages = ["cl"]
  revision = "db9961dcc93ff747f6695ae3d18664d0a93c42c6"

[[projects]]
  branch = "master"
  name = "github.com/kardianos/osext"
  packages = ["."]
  revision = "ae77be60afb1dcacde03767a8c37337fad28ac14"

[[projects]]
  name = "github.com/pkg/errors"
  packages = ["."]
  revision = "645ef00459ed84a119197bfb8d8205042c6df63d"
  version = "v0.8.0"

[[projects]]
  branch = "master"
  name = "github.com/shibukawa/configdir"
  packages = ["."]
  revision = "e180dbdc8da04c4fa04272e875ce64949f38bd3e"

[[projects]]
  branch = "master"
  name = "github.com/spf13/cobra"
  packages = ["."]
  revision = "f91529fc609202eededff4de2dc0ba2f662240a3"

[[projects]]
  name = "github.com/spf13/pflag"
  packages = ["."]
  revision = "e57e3eeb33f795204c1ca35f56c44f83227c6e66"
  version = "v1.0.0"

[[projects]]
  branch = "master"
  name = "github.com/xlab/closer"
  packages = ["."]
  revision = "89cd22812c4fd5188746092cd10992caeffc75ab"

[[projects]]
  branch = "master"
  name = "github.com/zserge/webview"
  packages = ["."]
  revision = "d59529f042b4ec7b439beee5004dddd1e2040d2f"

[[projects]]
  name = "go.uber.org/atomic"
  packages = ["."]
  revision = "8474b86a5a6f79c443ce4b2992817ff32cf208b8"
  version = "v1.3.1"

[[projects]]
  name = "go.uber.org/multierr"
  packages = ["."]
  revision = "3c4937480c32f4c13a875a1829af76c98ca3d40a"
  version = "v1.1.0"

[[projects]]
  name = "go.uber.org/zap"
  packages = [
    ".",
    "buffer",
    "internal/bufferpool",
    "internal/color",
    "internal/exit",
    "zapcore"
  ]
  revision = "35aad584952c3e7020db7b839f6b102de6271f89"
  version = "v1.7.1"

[[projects]]
  branch = "v2"
  name = "gopkg.in/yaml.v2"
  packages = ["."]
  revision = "d670f9405373e636a5a2765eea47fac0c9bc91a4"

[solve-meta]
  analyzer-name = "dep"
  analyzer-version = 1
  inputs-digest = "c64f04f53b411da5e8788ad48d93031ca825b7a016201bbd2a5577e3fa23816e"
  solver-name = "gps-cdcl"
  solver-version = 1
